// !$*UTF8*$!
{
	archiveVersion = 1;
	classes = {
	};
	objectVersion = 56;
	objects = {

/* Begin PBXBuildFile section */
		D1CE00000000000000000101 /* DiceApp.swift in Sources */ = {isa = PBXBuildFile; fileRef = D1CE00000000000000000001 /* DiceApp.swift */; };
		D1CE00000000000000000102 /* ContentView.swift in Sources */ = {isa = PBXBuildFile; fileRef = D1CE00000000000000000002 /* ContentView.swift */; };
		D1CE00000000000000000103 /* Assets.xcassets in Resources */ = {isa = PBXBuildFile; fileRef = D1CE00000000000000000003 /* Assets.xcassets */; };
		D1CE00000000000000000104 /* DieView.swift in Sources */ = {isa = PBXBuildFile; fileRef = D1CE00000000000000000005 /* DieView.swift */; };
		D1CE00000000000000000105 /* DiceRoller.swift in Sources */ = {isa = PBXBuildFile; fileRef = D1CE00000000000000000006 /* DiceRoller.swift */; };
		D1CE00000000000000000106 /* DiceRollerTests.swift in Sources */ = {isa = PBXBuildFile; fileRef = D1CE00000000000000000007 /* DiceRollerTests.swift */; };
		D1CE00000000000000000107 /* ShakeDetector.swift in Sources */ = {isa = PBXBuildFile; fileRef = D1CE00000000000000000009 /* ShakeDetector.swift */; };
		D1CE00000000000000000108 /* RollUITests.swift in Sources */ = {isa = PBXBuildFile; fileRef = D1CE0000000000000000000A /* RollUITests.swift */; };
		D1CE00000000000000000109 /* PrivacyInfo.xcprivacy in Resources */ = {isa = PBXBuildFile; fileRef = D1CE0000000000000000000C /* PrivacyInfo.xcprivacy */; };
/* End PBXBuildFile section */

/* Begin PBXContainerItemProxy section */
		D1CE00000000000000000702 /* PBXContainerItemProxy */ = {
			isa = PBXContainerItemProxy;
			containerPortal = D1CE00000000000000000402 /* Project object */;
			proxyType = 1;
			remoteGlobalIDString = D1CE00000000000000000401;
			remoteInfo = JustASimpleDice;
		};
		D1CE00000000000000000704 /* PBXContainerItemProxy */ = {
			isa = PBXContainerItemProxy;
			containerPortal = D1CE00000000000000000402 /* Project object */;
			proxyType = 1;
			remoteGlobalIDString = D1CE00000000000000000401;
			remoteInfo = JustASimpleDice;
		};
/* End PBXContainerItemProxy section */

/* Begin PBXFileReference section */
		D1CE00000000000000000001 /* DiceApp.swift */ = {isa = PBXFileReference; lastKnownFileType = sourcecode.swift; path = DiceApp.swift; sourceTree = "<group>"; };
		D1CE00000000000000000002 /* ContentView.swift */ = {isa = PBXFileReference; lastKnownFileType = sourcecode.swift; path = ContentView.swift; sourceTree = "<group>"; };
		D1CE00000000000000000003 /* Assets.xcassets */ = {isa = PBXFileReference; lastKnownFileType = folder.assetcatalog; path = Assets.xcassets; sourceTree = "<group>"; };
		D1CE00000000000000000004 /* JustASimpleDice.app */ = {isa = PBXFileReference; explicitFileType = wrapper.application; includeInIndex = 0; path = JustASimpleDice.app; sourceTree = BUILT_PRODUCTS_DIR; };
		D1CE00000000000000000005 /* DieView.swift */ = {isa = PBXFileReference; lastKnownFileType = sourcecode.swift; path = DieView.swift; sourceTree = "<group>"; };
		D1CE00000000000000000006 /* DiceRoller.swift */ = {isa = PBXFileReference; lastKnownFileType = sourcecode.swift; path = DiceRoller.swift; sourceTree = "<group>"; };
		D1CE00000000000000000007 /* DiceRollerTests.swift */ = {isa = PBXFileReference; lastKnownFileType = sourcecode.swift; path = DiceRollerTests.swift; sourceTree = "<group>"; };
		D1CE00000000000000000008 /* JustASimpleDiceTests.xctest */ = {isa = PBXFileReference; explicitFileType = wrapper.cfbundle; includeInIndex = 0; path = JustASimpleDiceTests.xctest; sourceTree = BUILT_PRODUCTS_DIR; };
		D1CE00000000000000000009 /* ShakeDetector.swift */ = {isa = PBXFileReference; lastKnownFileType = sourcecode.swift; path = ShakeDetector.swift; sourceTree = "<group>"; };
		D1CE0000000000000000000A /* RollUITests.swift */ = {isa = PBXFileReference; lastKnownFileType = sourcecode.swift; path = RollUITests.swift; sourceTree = "<group>"; };
		D1CE0000000000000000000B /* JustASimpleDiceUITests.xctest */ = {isa = PBXFileReference; explicitFileType = wrapper.cfbundle; includeInIndex = 0; path = JustASimpleDiceUITests.xctest; sourceTree = BUILT_PRODUCTS_DIR; };
		D1CE0000000000000000000C /* PrivacyInfo.xcprivacy */ = {isa = PBXFileReference; lastKnownFileType = text.xml; path = PrivacyInfo.xcprivacy; sourceTree = "<group>"; };
/* End PBXFileReference section */

/* Begin PBXFrameworksBuildPhase section */
		D1CE00000000000000000302 /* Frameworks */ = {
			isa = PBXFrameworksBuildPhase;
			buildActionMask = 2147483647;
			files = (
			);
			runOnlyForDeploymentPostprocessing = 0;
		};
		D1CE00000000000000000305 /* Frameworks */ = {
			isa = PBXFrameworksBuildPhase;
			buildActionMask = 2147483647;
			files = (
			);
			runOnlyForDeploymentPostprocessing = 0;
		};
		D1CE00000000000000000308 /* Frameworks */ = {
			isa = PBXFrameworksBuildPhase;
			buildActionMask = 2147483647;
			files = (
			);
			runOnlyForDeploymentPostprocessing = 0;
		};
/* End PBXFrameworksBuildPhase section */

/* Begin PBXGroup section */
		D1CE00000000000000000201 = {
			isa = PBXGroup;
			children = (
				D1CE00000000000000000202 /* JustASimpleDice */,
				D1CE00000000000000000204 /* JustASimpleDiceTests */,
				D1CE00000000000000000205 /* JustASimpleDiceUITests */,
				D1CE00000000000000000203 /* Products */,
			);
			sourceTree = "<group>";
		};
		D1CE00000000000000000202 /* JustASimpleDice */ = {
			isa = PBXGroup;
			children = (
				D1CE00000000000000000001 /* DiceApp.swift */,
				D1CE00000000000000000002 /* ContentView.swift */,
				D1CE00000000000000000005 /* DieView.swift */,
				D1CE00000000000000000006 /* DiceRoller.swift */,
				D1CE00000000000000000009 /* ShakeDetector.swift */,
				D1CE00000000000000000003 /* Assets.xcassets */,
				D1CE0000000000000000000C /* PrivacyInfo.xcprivacy */,
			);
			path = JustASimpleDice;
			sourceTree = "<group>";
		};
		D1CE00000000000000000203 /* Products */ = {
			isa = PBXGroup;
			children = (
				D1CE00000000000000000004 /* JustASimpleDice.app */,
				D1CE00000000000000000008 /* JustASimpleDiceTests.xctest */,
				D1CE0000000000000000000B /* JustASimpleDiceUITests.xctest */,
			);
			name = Products;
			sourceTree = "<group>";
		};
		D1CE00000000000000000204 /* JustASimpleDiceTests */ = {
			isa = PBXGroup;
			children = (
				D1CE00000000000000000007 /* DiceRollerTests.swift */,
			);
			path = JustASimpleDiceTests;
			sourceTree = "<group>";
		};
		D1CE00000000000000000205 /* JustASimpleDiceUITests */ = {
			isa = PBXGroup;
			children = (
				D1CE0000000000000000000A /* RollUITests.swift */,
			);
			path = JustASimpleDiceUITests;
			sourceTree = "<group>";
		};
/* End PBXGroup section */

/* Begin PBXNativeTarget section */
		D1CE00000000000000000401 /* JustASimpleDice */ = {
			isa = PBXNativeTarget;
			buildConfigurationList = D1CE00000000000000000502 /* Build configuration list for PBXNativeTarget "JustASimpleDice" */;
			buildPhases = (
				D1CE00000000000000000301 /* Sources */,
				D1CE00000000000000000302 /* Frameworks */,
				D1CE00000000000000000303 /* Resources */,
			);
			buildRules = (
			);
			dependencies = (
			);
			name = JustASimpleDice;
			productName = JustASimpleDice;
			productReference = D1CE00000000000000000004 /* JustASimpleDice.app */;
			productType = "com.apple.product-type.application";
		};
		D1CE00000000000000000403 /* JustASimpleDiceTests */ = {
			isa = PBXNativeTarget;
			buildConfigurationList = D1CE00000000000000000503 /* Build configuration list for PBXNativeTarget "JustASimpleDiceTests" */;
			buildPhases = (
				D1CE00000000000000000304 /* Sources */,
				D1CE00000000000000000305 /* Frameworks */,
				D1CE00000000000000000306 /* Resources */,
			);
			buildRules = (
			);
			dependencies = (
				D1CE00000000000000000701 /* PBXTargetDependency */,
			);
			name = JustASimpleDiceTests;
			productName = JustASimpleDiceTests;
			productReference = D1CE00000000000000000008 /* JustASimpleDiceTests.xctest */;
			productType = "com.apple.product-type.bundle.unit-test";
		};
		D1CE00000000000000000404 /* JustASimpleDiceUITests */ = {
			isa = PBXNativeTarget;
			buildConfigurationList = D1CE00000000000000000504 /* Build configuration list for PBXNativeTarget "JustASimpleDiceUITests" */;
			buildPhases = (
				D1CE00000000000000000307 /* Sources */,
				D1CE00000000000000000308 /* Frameworks */,
				D1CE00000000000000000309 /* Resources */,
			);
			buildRules = (
			);
			dependencies = (
				D1CE00000000000000000703 /* PBXTargetDependency */,
			);
			name = JustASimpleDiceUITests;
			productName = JustASimpleDiceUITests;
			productReference = D1CE0000000000000000000B /* JustASimpleDiceUITests.xctest */;
			productType = "com.apple.product-type.bundle.ui-testing";
		};
/* End PBXNativeTarget section */

/* Begin PBXProject section */
		D1CE00000000000000000402 /* Project object */ = {
			isa = PBXProject;
			attributes = {
				BuildIndependentTargetsInParallel = 1;
				LastSwiftUpdateCheck = 1600;
				LastUpgradeCheck = 1600;
				TargetAttributes = {
					D1CE00000000000000000403 = {
						TestTargetID = D1CE00000000000000000401;
					};
					D1CE00000000000000000404 = {
						TestTargetID = D1CE00000000000000000401;
					};
				};
			};
			buildConfigurationList = D1CE00000000000000000501 /* Build configuration list for PBXProject "JustASimpleDice" */;
			compatibilityVersion = "Xcode 14.0";
			developmentRegion = en;
			hasScannedForEncodings = 0;
			knownRegions = (
				en,
				Base,
			);
			mainGroup = D1CE00000000000000000201;
			productRefGroup = D1CE00000000000000000203 /* Products */;
			projectDirPath = "";
			projectRoot = "";
			targets = (
				D1CE00000000000000000401 /* JustASimpleDice */,
				D1CE00000000000000000403 /* JustASimpleDiceTests */,
				D1CE00000000000000000404 /* JustASimpleDiceUITests */,
			);
		};
/* End PBXProject section */

/* Begin PBXResourcesBuildPhase section */
		D1CE00000000000000000303 /* Resources */ = {
			isa = PBXResourcesBuildPhase;
			buildActionMask = 2147483647;
			files = (
				D1CE00000000000000000103 /* Assets.xcassets in Resources */,
				D1CE00000000000000000109 /* PrivacyInfo.xcprivacy in Resources */,
			);
			runOnlyForDeploymentPostprocessing = 0;
		};
		D1CE00000000000000000306 /* Resources */ = {
			isa = PBXResourcesBuildPhase;
			buildActionMask = 2147483647;
			files = (
			);
			runOnlyForDeploymentPostprocessing = 0;
		};
		D1CE00000000000000000309 /* Resources */ = {
			isa = PBXResourcesBuildPhase;
			buildActionMask = 2147483647;
			files = (
			);
			runOnlyForDeploymentPostprocessing = 0;
		};
/* End PBXResourcesBuildPhase section */

/* Begin PBXSourcesBuildPhase section */
		D1CE00000000000000000301 /* Sources */ = {
			isa = PBXSourcesBuildPhase;
			buildActionMask = 2147483647;
			files = (
				D1CE00000000000000000101 /* DiceApp.swift in Sources */,
				D1CE00000000000000000102 /* ContentView.swift in Sources */,
				D1CE00000000000000000104 /* DieView.swift in Sources */,
				D1CE00000000000000000105 /* DiceRoller.swift in Sources */,
				D1CE00000000000000000107 /* ShakeDetector.swift in Sources */,
			);
			runOnlyForDeploymentPostprocessing = 0;
		};
		D1CE00000000000000000307 /* Sources */ = {
			isa = PBXSourcesBuildPhase;
			buildActionMask = 2147483647;
			files = (
				D1CE00000000000000000108 /* RollUITests.swift in Sources */,
			);
			runOnlyForDeploymentPostprocessing = 0;
		};
		D1CE00000000000000000304 /* Sources */ = {
			isa = PBXSourcesBuildPhase;
			buildActionMask = 2147483647;
			files = (
				D1CE00000000000000000106 /* DiceRollerTests.swift in Sources */,
			);
			runOnlyForDeploymentPostprocessing = 0;
		};
/* End PBXSourcesBuildPhase section */

/* Begin PBXTargetDependency section */
		D1CE00000000000000000701 /* PBXTargetDependency */ = {
			isa = PBXTargetDependency;
			target = D1CE00000000000000000401 /* JustASimpleDice */;
			targetProxy = D1CE00000000000000000702 /* PBXContainerItemProxy */;
		};
		D1CE00000000000000000703 /* PBXTargetDependency */ = {
			isa = PBXTargetDependency;
			target = D1CE00000000000000000401 /* JustASimpleDice */;
			targetProxy = D1CE00000000000000000704 /* PBXContainerItemProxy */;
		};
/* End PBXTargetDependency section */

/* Begin XCBuildConfiguration section */
		D1CE00000000000000000601 /* Debug */ = {
			isa = XCBuildConfiguration;
			buildSettings = {
				ALWAYS_SEARCH_USER_PATHS = NO;
				ASSETCATALOG_COMPILER_GENERATE_SWIFT_ASSET_SYMBOL_EXTENSIONS = YES;
				CLANG_ANALYZER_NONNULL = YES;
				CLANG_ANALYZER_NUMBER_OBJECT_CONVERSION = YES_AGGRESSIVE;
				CLANG_CXX_LANGUAGE_STANDARD = "gnu++20";
				CLANG_ENABLE_MODULES = YES;
				CLANG_ENABLE_OBJC_ARC = YES;
				CLANG_ENABLE_OBJC_WEAK = YES;
				CLANG_WARN_BLOCK_CAPTURE_AUTORELEASING = YES;
				CLANG_WARN_BOOL_CONVERSION = YES;
				CLANG_WARN_COMMA = YES;
				CLANG_WARN_CONSTANT_CONVERSION = YES;
				CLANG_WARN_DEPRECATED_OBJC_IMPLEMENTATIONS = YES;
				CLANG_WARN_DIRECT_OBJC_ISA_USAGE = YES_ERROR;
				CLANG_WARN_DOCUMENTATION_COMMENTS = YES;
				CLANG_WARN_EMPTY_BODY = YES;
				CLANG_WARN_ENUM_CONVERSION = YES;
				CLANG_WARN_INFINITE_RECURSION = YES;
				CLANG_WARN_INT_CONVERSION = YES;
				CLANG_WARN_NON_LITERAL_NULL_CONVERSION = YES;
				CLANG_WARN_OBJC_IMPLICIT_RETAIN_SELF = YES;
				CLANG_WARN_OBJC_LITERAL_CONVERSION = YES;
				CLANG_WARN_OBJC_ROOT_CLASS = YES_ERROR;
				CLANG_WARN_QUOTED_INCLUDE_IN_FRAMEWORK_HEADER = YES;
				CLANG_WARN_RANGE_LOOP_ANALYSIS = YES;
				CLANG_WARN_STRICT_PROTOTYPES = YES;
				CLANG_WARN_SUSPICIOUS_MOVE = YES;
				CLANG_WARN_UNGUARDED_AVAILABILITY = YES_AGGRESSIVE;
				CLANG_WARN_UNREACHABLE_CODE = YES;
				CLANG_WARN__DUPLICATE_METHOD_MATCH = YES;
				COPY_PHASE_STRIP = NO;
				DEBUG_INFORMATION_FORMAT = dwarf;
				ENABLE_STRICT_OBJC_MSGSEND = YES;
				ENABLE_TESTABILITY = YES;
				ENABLE_USER_SCRIPT_SANDBOXING = YES;
				GCC_C_LANGUAGE_STANDARD = gnu17;
				GCC_DYNAMIC_NO_PIC = NO;
				GCC_NO_COMMON_BLOCKS = YES;
				GCC_OPTIMIZATION_LEVEL = 0;
				GCC_PREPROCESSOR_DEFINITIONS = (
					"DEBUG=1",
					"$(inherited)",
				);
				GCC_WARN_64_TO_32_BIT_CONVERSION = YES;
				GCC_WARN_ABOUT_RETURN_TYPE = YES_ERROR;
				GCC_WARN_UNDECLARED_SELECTOR = YES;
				GCC_WARN_UNINITIALIZED_AUTOS = YES_AGGRESSIVE;
				GCC_WARN_UNUSED_FUNCTION = YES;
				GCC_WARN_UNUSED_VARIABLE = YES;
				IPHONEOS_DEPLOYMENT_TARGET = 17.0;
				LOCALIZATION_PREFERS_STRING_CATALOGS = YES;
				MTL_ENABLE_DEBUG_INFO = INCLUDE_SOURCE;
				MTL_FAST_MATH = YES;
				ONLY_ACTIVE_ARCH = YES;
				SDKROOT = iphoneos;
				SWIFT_ACTIVE_COMPILATION_CONDITIONS = "DEBUG $(inherited)";
				SWIFT_OPTIMIZATION_LEVEL = "-Onone";
			};
			name = Debug;
		};
		D1CE00000000000000000602 /* Release */ = {
			isa = XCBuildConfiguration;
			buildSettings = {
				ALWAYS_SEARCH_USER_PATHS = NO;
				ASSETCATALOG_COMPILER_GENERATE_SWIFT_ASSET_SYMBOL_EXTENSIONS = YES;
				CLANG_ANALYZER_NONNULL = YES;
				CLANG_ANALYZER_NUMBER_OBJECT_CONVERSION = YES_AGGRESSIVE;
				CLANG_CXX_LANGUAGE_STANDARD = "gnu++20";
				CLANG_ENABLE_MODULES = YES;
				CLANG_ENABLE_OBJC_ARC = YES;
				CLANG_ENABLE_OBJC_WEAK = YES;
				CLANG_WARN_BLOCK_CAPTURE_AUTORELEASING = YES;
				CLANG_WARN_BOOL_CONVERSION = YES;
				CLANG_WARN_COMMA = YES;
				CLANG_WARN_CONSTANT_CONVERSION = YES;
				CLANG_WARN_DEPRECATED_OBJC_IMPLEMENTATIONS = YES;
				CLANG_WARN_DIRECT_OBJC_ISA_USAGE = YES_ERROR;
				CLANG_WARN_DOCUMENTATION_COMMENTS = YES;
				CLANG_WARN_EMPTY_BODY = YES;
				CLANG_WARN_ENUM_CONVERSION = YES;
				CLANG_WARN_INFINITE_RECURSION = YES;
				CLANG_WARN_INT_CONVERSION = YES;
				CLANG_WARN_NON_LITERAL_NULL_CONVERSION = YES;
				CLANG_WARN_OBJC_IMPLICIT_RETAIN_SELF = YES;
				CLANG_WARN_OBJC_LITERAL_CONVERSION = YES;
				CLANG_WARN_OBJC_ROOT_CLASS = YES_ERROR;
				CLANG_WARN_QUOTED_INCLUDE_IN_FRAMEWORK_HEADER = YES;
				CLANG_WARN_RANGE_LOOP_ANALYSIS = YES;
				CLANG_WARN_STRICT_PROTOTYPES = YES;
				CLANG_WARN_SUSPICIOUS_MOVE = YES;
				CLANG_WARN_UNGUARDED_AVAILABILITY = YES_AGGRESSIVE;
				CLANG_WARN_UNREACHABLE_CODE = YES;
				CLANG_WARN__DUPLICATE_METHOD_MATCH = YES;
				COPY_PHASE_STRIP = NO;
				DEBUG_INFORMATION_FORMAT = "dwarf-with-dsym";
				ENABLE_NS_ASSERTIONS = NO;
				ENABLE_STRICT_OBJC_MSGSEND = YES;
				ENABLE_USER_SCRIPT_SANDBOXING = YES;
				GCC_C_LANGUAGE_STANDARD = gnu17;
				GCC_NO_COMMON_BLOCKS = YES;
				GCC_WARN_64_TO_32_BIT_CONVERSION = YES;
				GCC_WARN_ABOUT_RETURN_TYPE = YES_ERROR;
				GCC_WARN_UNDECLARED_SELECTOR = YES;
				GCC_WARN_UNINITIALIZED_AUTOS = YES_AGGRESSIVE;
				GCC_WARN_UNUSED_FUNCTION = YES;
				GCC_WARN_UNUSED_VARIABLE = YES;
				IPHONEOS_DEPLOYMENT_TARGET = 17.0;
				LOCALIZATION_PREFERS_STRING_CATALOGS = YES;
				MTL_ENABLE_DEBUG_INFO = NO;
				MTL_FAST_MATH = YES;
				SDKROOT = iphoneos;
				SWIFT_COMPILATION_MODE = wholemodule;
				VALIDATE_PRODUCT = YES;
			};
			name = Release;
		};
		D1CE00000000000000000603 /* Debug */ = {
			isa = XCBuildConfiguration;
			buildSettings = {
				ASSETCATALOG_COMPILER_APPICON_NAME = AppIcon;
				ASSETCATALOG_COMPILER_GLOBAL_ACCENT_COLOR_NAME = AccentColor;
				CODE_SIGN_STYLE = Automatic;
				CURRENT_PROJECT_VERSION = 1;
				ENABLE_PREVIEWS = YES;
				GENERATE_INFOPLIST_FILE = YES;
				INFOPLIST_KEY_CFBundleDisplayName = "Simple Dice";
				INFOPLIST_KEY_UIApplicationSceneManifest_Generation = YES;
				INFOPLIST_KEY_UIApplicationSupportsIndirectInputEvents = YES;
				INFOPLIST_KEY_UILaunchScreen_Generation = YES;
				INFOPLIST_KEY_UISupportedInterfaceOrientations_iPad = "UIInterfaceOrientationLandscapeLeft UIInterfaceOrientationLandscapeRight UIInterfaceOrientationPortrait UIInterfaceOrientationPortraitUpsideDown";
				INFOPLIST_KEY_UISupportedInterfaceOrientations_iPhone = UIInterfaceOrientationPortrait;
				LD_RUNPATH_SEARCH_PATHS = (
					"$(inherited)",
					"@executable_path/Frameworks",
				);
				MARKETING_VERSION = 1.0;
				PRODUCT_BUNDLE_IDENTIFIER = com.example.dice;
				PRODUCT_NAME = "$(TARGET_NAME)";
				SWIFT_EMIT_LOC_STRINGS = YES;
				SWIFT_VERSION = 5.0;
				TARGETED_DEVICE_FAMILY = "1,2";
			};
			name = Debug;
		};
		D1CE00000000000000000604 /* Release */ = {
			isa = XCBuildConfiguration;
			buildSettings = {
				ASSETCATALOG_COMPILER_APPICON_NAME = AppIcon;
				ASSETCATALOG_COMPILER_GLOBAL_ACCENT_COLOR_NAME = AccentColor;
				CODE_SIGN_STYLE = Automatic;
				CURRENT_PROJECT_VERSION = 1;
				ENABLE_PREVIEWS = YES;
				GENERATE_INFOPLIST_FILE = YES;
				INFOPLIST_KEY_CFBundleDisplayName = "Simple Dice";
				INFOPLIST_KEY_UIApplicationSceneManifest_Generation = YES;
				INFOPLIST_KEY_UIApplicationSupportsIndirectInputEvents = YES;
				INFOPLIST_KEY_UILaunchScreen_Generation = YES;
				INFOPLIST_KEY_UISupportedInterfaceOrientations_iPad = "UIInterfaceOrientationLandscapeLeft UIInterfaceOrientationLandscapeRight UIInterfaceOrientationPortrait UIInterfaceOrientationPortraitUpsideDown";
				INFOPLIST_KEY_UISupportedInterfaceOrientations_iPhone = UIInterfaceOrientationPortrait;
				LD_RUNPATH_SEARCH_PATHS = (
					"$(inherited)",
					"@executable_path/Frameworks",
				);
				MARKETING_VERSION = 1.0;
				PRODUCT_BUNDLE_IDENTIFIER = com.example.dice;
				PRODUCT_NAME = "$(TARGET_NAME)";
				SWIFT_EMIT_LOC_STRINGS = YES;
				SWIFT_VERSION = 5.0;
				TARGETED_DEVICE_FAMILY = "1,2";
			};
			name = Release;
		};
		D1CE00000000000000000605 /* Debug */ = {
			isa = XCBuildConfiguration;
			buildSettings = {
				BUNDLE_LOADER = "$(TEST_HOST)";
				CODE_SIGN_STYLE = Automatic;
				CURRENT_PROJECT_VERSION = 1;
				GENERATE_INFOPLIST_FILE = YES;
				IPHONEOS_DEPLOYMENT_TARGET = 17.0;
				MARKETING_VERSION = 1.0;
				PRODUCT_BUNDLE_IDENTIFIER = com.example.diceTests;
				PRODUCT_NAME = "$(TARGET_NAME)";
				SWIFT_EMIT_LOC_STRINGS = NO;
				SWIFT_VERSION = 5.0;
				TARGETED_DEVICE_FAMILY = "1,2";
				TEST_HOST = "$(BUILT_PRODUCTS_DIR)/JustASimpleDice.app/$(BUNDLE_EXECUTABLE_FOLDER_PATH)/JustASimpleDice";
			};
			name = Debug;
		};
		D1CE00000000000000000606 /* Release */ = {
			isa = XCBuildConfiguration;
			buildSettings = {
				BUNDLE_LOADER = "$(TEST_HOST)";
				CODE_SIGN_STYLE = Automatic;
				CURRENT_PROJECT_VERSION = 1;
				GENERATE_INFOPLIST_FILE = YES;
				IPHONEOS_DEPLOYMENT_TARGET = 17.0;
				MARKETING_VERSION = 1.0;
				PRODUCT_BUNDLE_IDENTIFIER = com.example.diceTests;
				PRODUCT_NAME = "$(TARGET_NAME)";
				SWIFT_EMIT_LOC_STRINGS = NO;
				SWIFT_VERSION = 5.0;
				TARGETED_DEVICE_FAMILY = "1,2";
				TEST_HOST = "$(BUILT_PRODUCTS_DIR)/JustASimpleDice.app/$(BUNDLE_EXECUTABLE_FOLDER_PATH)/JustASimpleDice";
			};
			name = Release;
		};
		D1CE00000000000000000607 /* Debug */ = {
			isa = XCBuildConfiguration;
			buildSettings = {
				CODE_SIGN_STYLE = Automatic;
				CURRENT_PROJECT_VERSION = 1;
				GENERATE_INFOPLIST_FILE = YES;
				IPHONEOS_DEPLOYMENT_TARGET = 17.0;
				MARKETING_VERSION = 1.0;
				PRODUCT_BUNDLE_IDENTIFIER = com.example.diceUITests;
				PRODUCT_NAME = "$(TARGET_NAME)";
				SWIFT_EMIT_LOC_STRINGS = NO;
				SWIFT_VERSION = 5.0;
				TARGETED_DEVICE_FAMILY = "1,2";
				TEST_TARGET_NAME = JustASimpleDice;
			};
			name = Debug;
		};
		D1CE00000000000000000608 /* Release */ = {
			isa = XCBuildConfiguration;
			buildSettings = {
				CODE_SIGN_STYLE = Automatic;
				CURRENT_PROJECT_VERSION = 1;
				GENERATE_INFOPLIST_FILE = YES;
				IPHONEOS_DEPLOYMENT_TARGET = 17.0;
				MARKETING_VERSION = 1.0;
				PRODUCT_BUNDLE_IDENTIFIER = com.example.diceUITests;
				PRODUCT_NAME = "$(TARGET_NAME)";
				SWIFT_EMIT_LOC_STRINGS = NO;
				SWIFT_VERSION = 5.0;
				TARGETED_DEVICE_FAMILY = "1,2";
				TEST_TARGET_NAME = JustASimpleDice;
			};
			name = Release;
		};
/* End XCBuildConfiguration section */

/* Begin XCConfigurationList section */
		D1CE00000000000000000501 /* Build configuration list for PBXProject "JustASimpleDice" */ = {
			isa = XCConfigurationList;
			buildConfigurations = (
				D1CE00000000000000000601 /* Debug */,
				D1CE00000000000000000602 /* Release */,
			);
			defaultConfigurationIsVisible = 0;
			defaultConfigurationName = Release;
		};
		D1CE00000000000000000502 /* Build configuration list for PBXNativeTarget "JustASimpleDice" */ = {
			isa = XCConfigurationList;
			buildConfigurations = (
				D1CE00000000000000000603 /* Debug */,
				D1CE00000000000000000604 /* Release */,
			);
			defaultConfigurationIsVisible = 0;
			defaultConfigurationName = Release;
		};
		D1CE00000000000000000503 /* Build configuration list for PBXNativeTarget "JustASimpleDiceTests" */ = {
			isa = XCConfigurationList;
			buildConfigurations = (
				D1CE00000000000000000605 /* Debug */,
				D1CE00000000000000000606 /* Release */,
			);
			defaultConfigurationIsVisible = 0;
			defaultConfigurationName = Release;
		};
		D1CE00000000000000000504 /* Build configuration list for PBXNativeTarget "JustASimpleDiceUITests" */ = {
			isa = XCConfigurationList;
			buildConfigurations = (
				D1CE00000000000000000607 /* Debug */,
				D1CE00000000000000000608 /* Release */,
			);
			defaultConfigurationIsVisible = 0;
			defaultConfigurationName = Release;
		};
/* End XCConfigurationList section */
	};
	rootObject = D1CE00000000000000000402 /* Project object */;
}
